# This file is automatically @generated by Cargo.
# It is not intended for manual editing.
version = 4

[[package]]
name = "bn6"
version = "0.1.0"
dependencies = [
 "bn6-gen",
 "gba-rt",
]

[[package]]
name = "bn6-gen"
version = "0.1.0"
dependencies = [
 "gba-rt",
]

[[package]]
name = "gba-isa"
version = "0.1.0"

[[package]]
name = "gba-ppu"
version = "0.1.0"

[[package]]
name = "gba-rt"
version = "0.1.0"

[[package]]
name = "recomp"
version = "0.1.0"
dependencies = [
 "gba-isa",
]
